
Microsoft Visual Studio Solution File, Format Version 12.00
# Visual Studio Version 16
VisualStudioVersion = 16.0.29728.190
MinimumVisualStudioVersion = 10.0.40219.1
Project("{FAE04EC0-301F-11D3-BF4B-00C04F79EFBC}") = "DanhoLibrary", "DanhoLibrary\DanhoLibrary.csproj", "{56B39924-CD8D-495B-B32D-A7D39EB2773A}"
EndProject
Global
	GlobalSection(SolutionConfigurationPlatforms) = preSolution
		Debug|Any CPU = Debug|Any CPU
		Release|Any CPU = Release|Any CPU
	EndGlobalSection
	GlobalSection(ProjectConfigurationPlatforms) = postSolution
		{56B39924-CD8D-495B-B32D-A7D39EB2773A}.Debug|Any CPU.ActiveCfg = Release|Any CPU
		{56B39924-CD8D-495B-B32D-A7D39EB2773A}.Debug|Any CPU.Build.0 = Release|Any CPU
		{56B39924-CD8D-495B-B32D-A7D39EB2773A}.Release|Any CPU.ActiveCfg = Release|Any CPU
		{56B39924-CD8D-495B-B32D-A7D39EB2773A}.Release|Any CPU.Build.0 = Release|Any CPU
	EndGlobalSection
	GlobalSection(SolutionProperties) = preSolution
		HideSolutionNode = FALSE
	EndGlobalSection
	GlobalSection(ExtensibilityGlobals) = postSolution
		SolutionGuid = {D5FA0D31-3C10-41B5-A7DF-F4151A40DC4C}
	EndGlobalSection
EndGlobal
